
Microsoft Visual Studio Solution File, Format Version 12.00
# Visual Studio 15
VisualStudioVersion = 15.0.27703.2000
MinimumVisualStudioVersion = 10.0.40219.1
Project("{FAE04EC0-301F-11D3-BF4B-00C04F79EFBC}") = "Kata", "Kata\Kata.csproj", "{925EA169-66C0-497A-AAFE-EF3B76BD8D34}"
EndProject
Project("{FAE04EC0-301F-11D3-BF4B-00C04F79EFBC}") = "KataTest", "KataTest\KataTest.csproj", "{BAA35552-B5F2-4801-926C-D42BDCB5C662}"
EndProject
Global
	GlobalSection(SolutionConfigurationPlatforms) = preSolution
		Debug|Any CPU = Debug|Any CPU
		Release|Any CPU = Release|Any CPU
	EndGlobalSection
	GlobalSection(ProjectConfigurationPlatforms) = postSolution
		{925EA169-66C0-497A-AAFE-EF3B76BD8D34}.Debug|Any CPU.ActiveCfg = Debug|Any CPU
		{925EA169-66C0-497A-AAFE-EF3B76BD8D34}.Debug|Any CPU.Build.0 = Debug|Any CPU
		{925EA169-66C0-497A-AAFE-EF3B76BD8D34}.Release|Any CPU.ActiveCfg = Release|Any CPU
		{925EA169-66C0-497A-AAFE-EF3B76BD8D34}.Release|Any CPU.Build.0 = Release|Any CPU
		{BAA35552-B5F2-4801-926C-D42BDCB5C662}.Debug|Any CPU.ActiveCfg = Debug|Any CPU
		{BAA35552-B5F2-4801-926C-D42BDCB5C662}.Debug|Any CPU.Build.0 = Debug|Any CPU
		{BAA35552-B5F2-4801-926C-D42BDCB5C662}.Release|Any CPU.ActiveCfg = Release|Any CPU
		{BAA35552-B5F2-4801-926C-D42BDCB5C662}.Release|Any CPU.Build.0 = Release|Any CPU
	EndGlobalSection
	GlobalSection(SolutionProperties) = preSolution
		HideSolutionNode = FALSE
	EndGlobalSection
	GlobalSection(ExtensibilityGlobals) = postSolution
		SolutionGuid = {108B05AF-4C81-4040-A995-C56D3140D952}
	EndGlobalSection
EndGlobal
